
Microsoft Visual Studio Solution File, Format Version 12.00
# Visual Studio Version 17
VisualStudioVersion = 17.13.35931.197 d17.13
MinimumVisualStudioVersion = 10.0.40219.1
Project("{FAE04EC0-301F-11D3-BF4B-00C04F79EFBC}") = "DEVOPS-DEV-MANAV-GRPPROJECT", "DEVOPS-DEV-MANAV-GRPPROJECT\DEVOPS-DEV-MANAV-GRPPROJECT.csproj", "{064E5569-DB11-4263-BA23-FAE42C0F37E9}"
EndProject
Global
	GlobalSection(SolutionConfigurationPlatforms) = preSolution
		Debug|Any CPU = Debug|Any CPU
		Release|Any CPU = Release|Any CPU
	EndGlobalSection
	GlobalSection(ProjectConfigurationPlatforms) = postSolution
		{064E5569-DB11-4263-BA23-FAE42C0F37E9}.Debug|Any CPU.ActiveCfg = Debug|Any CPU
		{064E5569-DB11-4263-BA23-FAE42C0F37E9}.Debug|Any CPU.Build.0 = Debug|Any CPU
		{064E5569-DB11-4263-BA23-FAE42C0F37E9}.Release|Any CPU.ActiveCfg = Release|Any CPU
		{064E5569-DB11-4263-BA23-FAE42C0F37E9}.Release|Any CPU.Build.0 = Release|Any CPU
	EndGlobalSection
	GlobalSection(SolutionProperties) = preSolution
		HideSolutionNode = FALSE
	EndGlobalSection
	GlobalSection(ExtensibilityGlobals) = postSolution
		SolutionGuid = {BF8C11F3-8135-4287-B468-24BEE23E372A}
	EndGlobalSection
EndGlobal
